// !$*UTF8*$!
{
	archiveVersion = 1;
	classes = {
	};
	objectVersion = 46;
	objects = {

/* Begin PBXBuildFile section */
		4981F9221CB66A9B008B15F7 /* AppDelegate.swift in Sources */ = {isa = PBXBuildFile; fileRef = 4981F9211CB66A9B008B15F7 /* AppDelegate.swift */; };
		4981F9241CB66A9B008B15F7 /* ViewController.swift in Sources */ = {isa = PBXBuildFile; fileRef = 4981F9231CB66A9B008B15F7 /* ViewController.swift */; };
		4981F9271CB66A9B008B15F7 /* Main.storyboard in Resources */ = {isa = PBXBuildFile; fileRef = 4981F9251CB66A9B008B15F7 /* Main.storyboard */; };
		4981F9291CB66A9B008B15F7 /* Assets.xcassets in Resources */ = {isa = PBXBuildFile; fileRef = 4981F9281CB66A9B008B15F7 /* Assets.xcassets */; };
		4981F92C1CB66A9B008B15F7 /* LaunchScreen.storyboard in Resources */ = {isa = PBXBuildFile; fileRef = 4981F92A1CB66A9B008B15F7 /* LaunchScreen.storyboard */; };
		4981F9371CB66A9B008B15F7 /* MapkitTests.swift in Sources */ = {isa = PBXBuildFile; fileRef = 4981F9361CB66A9B008B15F7 /* MapkitTests.swift */; };
		4981F9421CB66A9B008B15F7 /* MapkitUITests.swift in Sources */ = {isa = PBXBuildFile; fileRef = 4981F9411CB66A9B008B15F7 /* MapkitUITests.swift */; };
		4981F9501CB66C56008B15F7 /* JSON.swift in Sources */ = {isa = PBXBuildFile; fileRef = 4981F94F1CB66C56008B15F7 /* JSON.swift */; };
		4981F9531CB66D25008B15F7 /* PublicArt.json in Resources */ = {isa = PBXBuildFile; fileRef = 4981F9521CB66D25008B15F7 /* PublicArt.json */; };
		4981F9551CB66D90008B15F7 /* Artwork.swift in Sources */ = {isa = PBXBuildFile; fileRef = 4981F9541CB66D90008B15F7 /* Artwork.swift */; };
		4981F9571CB66DF7008B15F7 /* VCMapView.swift in Sources */ = {isa = PBXBuildFile; fileRef = 4981F9561CB66DF7008B15F7 /* VCMapView.swift */; };
/* End PBXBuildFile section */

/* Begin PBXContainerItemProxy section */
		4981F9331CB66A9B008B15F7 /* PBXContainerItemProxy */ = {
			isa = PBXContainerItemProxy;
			containerPortal = 4981F9161CB66A9B008B15F7 /* Project object */;
			proxyType = 1;
			remoteGlobalIDString = 4981F91D1CB66A9B008B15F7;
			remoteInfo = Mapkit;
		};
		4981F93E1CB66A9B008B15F7 /* PBXContainerItemProxy */ = {
			isa = PBXContainerItemProxy;
			containerPortal = 4981F9161CB66A9B008B15F7 /* Project object */;
			proxyType = 1;
			remoteGlobalIDString = 4981F91D1CB66A9B008B15F7;
			remoteInfo = Mapkit;
		};
/* End PBXContainerItemProxy section */

/* Begin PBXFileReference section */
		4981F91E1CB66A9B008B15F7 /* Mapkit.app */ = {isa = PBXFileReference; explicitFileType = wrapper.application; includeInIndex = 0; path = Mapkit.app; sourceTree = BUILT_PRODUCTS_DIR; };
		4981F9211CB66A9B008B15F7 /* AppDelegate.swift */ = {isa = PBXFileReference; lastKnownFileType = sourcecode.swift; path = AppDelegate.swift; sourceTree = "<group>"; };
		4981F9231CB66A9B008B15F7 /* ViewController.swift */ = {isa = PBXFileReference; lastKnownFileType = sourcecode.swift; path = ViewController.swift; sourceTree = "<group>"; };
		4981F9261CB66A9B008B15F7 /* Base */ = {isa = PBXFileReference; lastKnownFileType = file.storyboard; name = Base; path = Base.lproj/Main.storyboard; sourceTree = "<group>"; };
		4981F9281CB66A9B008B15F7 /* Assets.xcassets */ = {isa = PBXFileReference; lastKnownFileType = folder.assetcatalog; path = Assets.xcassets; sourceTree = "<group>"; };
		4981F92B1CB66A9B008B15F7 /* Base */ = {isa = PBXFileReference; lastKnownFileType = file.storyboard; name = Base; path = Base.lproj/LaunchScreen.storyboard; sourceTree = "<group>"; };
		4981F92D1CB66A9B008B15F7 /* Info.plist */ = {isa = PBXFileReference; lastKnownFileType = text.plist.xml; path = Info.plist; sourceTree = "<group>"; };
		4981F9321CB66A9B008B15F7 /* MapkitTests.xctest */ = {isa = PBXFileReference; explicitFileType = wrapper.cfbundle; includeInIndex = 0; path = MapkitTests.xctest; sourceTree = BUILT_PRODUCTS_DIR; };
		4981F9361CB66A9B008B15F7 /* MapkitTests.swift */ = {isa = PBXFileReference; lastKnownFileType = sourcecode.swift; path = MapkitTests.swift; sourceTree = "<group>"; };
		4981F9381CB66A9B008B15F7 /* Info.plist */ = {isa = PBXFileReference; lastKnownFileType = text.plist.xml; path = Info.plist; sourceTree = "<group>"; };
		4981F93D1CB66A9B008B15F7 /* MapkitUITests.xctest */ = {isa = PBXFileReference; explicitFileType = wrapper.cfbundle; includeInIndex = 0; path = MapkitUITests.xctest; sourceTree = BUILT_PRODUCTS_DIR; };
		4981F9411CB66A9B008B15F7 /* MapkitUITests.swift */ = {isa = PBXFileReference; lastKnownFileType = sourcecode.swift; path = MapkitUITests.swift; sourceTree = "<group>"; };
		4981F9431CB66A9B008B15F7 /* Info.plist */ = {isa = PBXFileReference; lastKnownFileType = text.plist.xml; path = Info.plist; sourceTree = "<group>"; };
		4981F94F1CB66C56008B15F7 /* JSON.swift */ = {isa = PBXFileReference; fileEncoding = 4; lastKnownFileType = sourcecode.swift; path = JSON.swift; sourceTree = "<group>"; };
		4981F9521CB66D25008B15F7 /* PublicArt.json */ = {isa = PBXFileReference; fileEncoding = 4; lastKnownFileType = text.json; path = PublicArt.json; sourceTree = "<group>"; };
		4981F9541CB66D90008B15F7 /* Artwork.swift */ = {isa = PBXFileReference; fileEncoding = 4; lastKnownFileType = sourcecode.swift; path = Artwork.swift; sourceTree = "<group>"; };
		4981F9561CB66DF7008B15F7 /* VCMapView.swift */ = {isa = PBXFileReference; fileEncoding = 4; lastKnownFileType = sourcecode.swift; path = VCMapView.swift; sourceTree = "<group>"; };
/* End PBXFileReference section */

/* Begin PBXFrameworksBuildPhase section */
		4981F91B1CB66A9B008B15F7 /* Frameworks */ = {
			isa = PBXFrameworksBuildPhase;
			buildActionMask = 2147483647;
			files = (
			);
			runOnlyForDeploymentPostprocessing = 0;
		};
		4981F92F1CB66A9B008B15F7 /* Frameworks */ = {
			isa = PBXFrameworksBuildPhase;
			buildActionMask = 2147483647;
			files = (
			);
			runOnlyForDeploymentPostprocessing = 0;
		};
		4981F93A1CB66A9B008B15F7 /* Frameworks */ = {
			isa = PBXFrameworksBuildPhase;
			buildActionMask = 2147483647;
			files = (
			);
			runOnlyForDeploymentPostprocessing = 0;
		};
/* End PBXFrameworksBuildPhase section */

/* Begin PBXGroup section */
		4981F9151CB66A9B008B15F7 = {
			isa = PBXGroup;
			children = (
				4981F9201CB66A9B008B15F7 /* Mapkit */,
				4981F9351CB66A9B008B15F7 /* MapkitTests */,
				4981F9401CB66A9B008B15F7 /* MapkitUITests */,
				4981F91F1CB66A9B008B15F7 /* Products */,
			);
			sourceTree = "<group>";
		};
		4981F91F1CB66A9B008B15F7 /* Products */ = {
			isa = PBXGroup;
			children = (
				4981F91E1CB66A9B008B15F7 /* Mapkit.app */,
				4981F9321CB66A9B008B15F7 /* MapkitTests.xctest */,
				4981F93D1CB66A9B008B15F7 /* MapkitUITests.xctest */,
			);
			name = Products;
			sourceTree = "<group>";
		};
		4981F9201CB66A9B008B15F7 /* Mapkit */ = {
			isa = PBXGroup;
			children = (
				4981F94F1CB66C56008B15F7 /* JSON.swift */,
				4981F9511CB66C70008B15F7 /* Supporting Files */,
				4981F9211CB66A9B008B15F7 /* AppDelegate.swift */,
				4981F9231CB66A9B008B15F7 /* ViewController.swift */,
				4981F9541CB66D90008B15F7 /* Artwork.swift */,
				4981F9251CB66A9B008B15F7 /* Main.storyboard */,
				4981F9281CB66A9B008B15F7 /* Assets.xcassets */,
				4981F92A1CB66A9B008B15F7 /* LaunchScreen.storyboard */,
				4981F92D1CB66A9B008B15F7 /* Info.plist */,
				4981F9561CB66DF7008B15F7 /* VCMapView.swift */,
			);
			path = Mapkit;
			sourceTree = "<group>";
		};
		4981F9351CB66A9B008B15F7 /* MapkitTests */ = {
			isa = PBXGroup;
			children = (
				4981F9361CB66A9B008B15F7 /* MapkitTests.swift */,
				4981F9381CB66A9B008B15F7 /* Info.plist */,
			);
			path = MapkitTests;
			sourceTree = "<group>";
		};
		4981F9401CB66A9B008B15F7 /* MapkitUITests */ = {
			isa = PBXGroup;
			children = (
				4981F9411CB66A9B008B15F7 /* MapkitUITests.swift */,
				4981F9431CB66A9B008B15F7 /* Info.plist */,
			);
			path = MapkitUITests;
			sourceTree = "<group>";
		};
		4981F9511CB66C70008B15F7 /* Supporting Files */ = {
			isa = PBXGroup;
			children = (
				4981F9521CB66D25008B15F7 /* PublicArt.json */,
			);
			name = "Supporting Files";
			sourceTree = "<group>";
		};
/* End PBXGroup section */

/* Begin PBXNativeTarget section */
		4981F91D1CB66A9B008B15F7 /* Mapkit */ = {
			isa = PBXNativeTarget;
			buildConfigurationList = 4981F9461CB66A9B008B15F7 /* Build configuration list for PBXNativeTarget "Mapkit" */;
			buildPhases = (
				4981F91A1CB66A9B008B15F7 /* Sources */,
				4981F91B1CB66A9B008B15F7 /* Frameworks */,
				4981F91C1CB66A9B008B15F7 /* Resources */,
			);
			buildRules = (
			);
			dependencies = (
			);
			name = Mapkit;
			productName = Mapkit;
			productReference = 4981F91E1CB66A9B008B15F7 /* Mapkit.app */;
			productType = "com.apple.product-type.application";
		};
		4981F9311CB66A9B008B15F7 /* MapkitTests */ = {
			isa = PBXNativeTarget;
			buildConfigurationList = 4981F9491CB66A9B008B15F7 /* Build configuration list for PBXNativeTarget "MapkitTests" */;
			buildPhases = (
				4981F92E1CB66A9B008B15F7 /* Sources */,
				4981F92F1CB66A9B008B15F7 /* Frameworks */,
				4981F9301CB66A9B008B15F7 /* Resources */,
			);
			buildRules = (
			);
			dependencies = (
				4981F9341CB66A9B008B15F7 /* PBXTargetDependency */,
			);
			name = MapkitTests;
			productName = MapkitTests;
			productReference = 4981F9321CB66A9B008B15F7 /* MapkitTests.xctest */;
			productType = "com.apple.product-type.bundle.unit-test";
		};
		4981F93C1CB66A9B008B15F7 /* MapkitUITests */ = {
			isa = PBXNativeTarget;
			buildConfigurationList = 4981F94C1CB66A9B008B15F7 /* Build configuration list for PBXNativeTarget "MapkitUITests" */;
			buildPhases = (
				4981F9391CB66A9B008B15F7 /* Sources */,
				4981F93A1CB66A9B008B15F7 /* Frameworks */,
				4981F93B1CB66A9B008B15F7 /* Resources */,
			);
			buildRules = (
			);
			dependencies = (
				4981F93F1CB66A9B008B15F7 /* PBXTargetDependency */,
			);
			name = MapkitUITests;
			productName = MapkitUITests;
			productReference = 4981F93D1CB66A9B008B15F7 /* MapkitUITests.xctest */;
			productType = "com.apple.product-type.bundle.ui-testing";
		};
/* End PBXNativeTarget section */

/* Begin PBXProject section */
		4981F9161CB66A9B008B15F7 /* Project object */ = {
			isa = PBXProject;
			attributes = {
				LastSwiftUpdateCheck = 0720;
				LastUpgradeCheck = 0720;
				ORGANIZATIONNAME = "DE DPU";
				TargetAttributes = {
					4981F91D1CB66A9B008B15F7 = {
						CreatedOnToolsVersion = 7.2;
					};
					4981F9311CB66A9B008B15F7 = {
						CreatedOnToolsVersion = 7.2;
						TestTargetID = 4981F91D1CB66A9B008B15F7;
					};
					4981F93C1CB66A9B008B15F7 = {
						CreatedOnToolsVersion = 7.2;
						TestTargetID = 4981F91D1CB66A9B008B15F7;
					};
				};
			};
			buildConfigurationList = 4981F9191CB66A9B008B15F7 /* Build configuration list for PBXProject "Mapkit" */;
			compatibilityVersion = "Xcode 3.2";
			developmentRegion = English;
			hasScannedForEncodings = 0;
			knownRegions = (
				en,
				Base,
			);
			mainGroup = 4981F9151CB66A9B008B15F7;
			productRefGroup = 4981F91F1CB66A9B008B15F7 /* Products */;
			projectDirPath = "";
			projectRoot = "";
			targets = (
				4981F91D1CB66A9B008B15F7 /* Mapkit */,
				4981F9311CB66A9B008B15F7 /* MapkitTests */,
				4981F93C1CB66A9B008B15F7 /* MapkitUITests */,
			);
		};
/* End PBXProject section */

/* Begin PBXResourcesBuildPhase section */
		4981F91C1CB66A9B008B15F7 /* Resources */ = {
			isa = PBXResourcesBuildPhase;
			buildActionMask = 2147483647;
			files = (
				4981F9531CB66D25008B15F7 /* PublicArt.json in Resources */,
				4981F92C1CB66A9B008B15F7 /* LaunchScreen.storyboard in Resources */,
				4981F9291CB66A9B008B15F7 /* Assets.xcassets in Resources */,
				4981F9271CB66A9B008B15F7 /* Main.storyboard in Resources */,
			);
			runOnlyForDeploymentPostprocessing = 0;
		};
		4981F9301CB66A9B008B15F7 /* Resources */ = {
			isa = PBXResourcesBuildPhase;
			buildActionMask = 2147483647;
			files = (
			);
			runOnlyForDeploymentPostprocessing = 0;
		};
		4981F93B1CB66A9B008B15F7 /* Resources */ = {
			isa = PBXResourcesBuildPhase;
			buildActionMask = 2147483647;
			files = (
			);
			runOnlyForDeploymentPostprocessing = 0;
		};
/* End PBXResourcesBuildPhase section */

/* Begin PBXSourcesBuildPhase section */
		4981F91A1CB66A9B008B15F7 /* Sources */ = {
			isa = PBXSourcesBuildPhase;
			buildActionMask = 2147483647;
			files = (
				4981F9501CB66C56008B15F7 /* JSON.swift in Sources */,
				4981F9241CB66A9B008B15F7 /* ViewController.swift in Sources */,
				4981F9571CB66DF7008B15F7 /* VCMapView.swift in Sources */,
				4981F9551CB66D90008B15F7 /* Artwork.swift in Sources */,
				4981F9221CB66A9B008B15F7 /* AppDelegate.swift in Sources */,
			);
			runOnlyForDeploymentPostprocessing = 0;
		};
		4981F92E1CB66A9B008B15F7 /* Sources */ = {
			isa = PBXSourcesBuildPhase;
			buildActionMask = 2147483647;
			files = (
				4981F9371CB66A9B008B15F7 /* MapkitTests.swift in Sources */,
			);
			runOnlyForDeploymentPostprocessing = 0;
		};
		4981F9391CB66A9B008B15F7 /* Sources */ = {
			isa = PBXSourcesBuildPhase;
			buildActionMask = 2147483647;
			files = (
				4981F9421CB66A9B008B15F7 /* MapkitUITests.swift in Sources */,
			);
			runOnlyForDeploymentPostprocessing = 0;
		};
/* End PBXSourcesBuildPhase section */

/* Begin PBXTargetDependency section */
		4981F9341CB66A9B008B15F7 /* PBXTargetDependency */ = {
			isa = PBXTargetDependency;
			target = 4981F91D1CB66A9B008B15F7 /* Mapkit */;
			targetProxy = 4981F9331CB66A9B008B15F7 /* PBXContainerItemProxy */;
		};
		4981F93F1CB66A9B008B15F7 /* PBXTargetDependency */ = {
			isa = PBXTargetDependency;
			target = 4981F91D1CB66A9B008B15F7 /* Mapkit */;
			targetProxy = 4981F93E1CB66A9B008B15F7 /* PBXContainerItemProxy */;
		};
/* End PBXTargetDependency section */

/* Begin PBXVariantGroup section */
		4981F9251CB66A9B008B15F7 /* Main.storyboard */ = {
			isa = PBXVariantGroup;
			children = (
				4981F9261CB66A9B008B15F7 /* Base */,
			);
			name = Main.storyboard;
			sourceTree = "<group>";
		};
		4981F92A1CB66A9B008B15F7 /* LaunchScreen.storyboard */ = {
			isa = PBXVariantGroup;
			children = (
				4981F92B1CB66A9B008B15F7 /* Base */,
			);
			name = LaunchScreen.storyboard;
			sourceTree = "<group>";
		};
/* End PBXVariantGroup section */

/* Begin XCBuildConfiguration section */
		4981F9441CB66A9B008B15F7 /* Debug */ = {
			isa = XCBuildConfiguration;
			buildSettings = {
				ALWAYS_SEARCH_USER_PATHS = NO;
				CLANG_CXX_LANGUAGE_STANDARD = "gnu++0x";
				CLANG_CXX_LIBRARY = "libc++";
				CLANG_ENABLE_MODULES = YES;
				CLANG_ENABLE_OBJC_ARC = YES;
				CLANG_WARN_BOOL_CONVERSION = YES;
				CLANG_WARN_CONSTANT_CONVERSION = YES;
				CLANG_WARN_DIRECT_OBJC_ISA_USAGE = YES_ERROR;
				CLANG_WARN_EMPTY_BODY = YES;
				CLANG_WARN_ENUM_CONVERSION = YES;
				CLANG_WARN_INT_CONVERSION = YES;
				CLANG_WARN_OBJC_ROOT_CLASS = YES_ERROR;
				CLANG_WARN_UNREACHABLE_CODE = YES;
				CLANG_WARN__DUPLICATE_METHOD_MATCH = YES;
				"CODE_SIGN_IDENTITY[sdk=iphoneos*]" = "iPhone Developer";
				COPY_PHASE_STRIP = NO;
				DEBUG_INFORMATION_FORMAT = dwarf;
				ENABLE_STRICT_OBJC_MSGSEND = YES;
				ENABLE_TESTABILITY = YES;
				GCC_C_LANGUAGE_STANDARD = gnu99;
				GCC_DYNAMIC_NO_PIC = NO;
				GCC_NO_COMMON_BLOCKS = YES;
				GCC_OPTIMIZATION_LEVEL = 0;
				GCC_PREPROCESSOR_DEFINITIONS = (
					"DEBUG=1",
					"$(inherited)",
				);
				GCC_WARN_64_TO_32_BIT_CONVERSION = YES;
				GCC_WARN_ABOUT_RETURN_TYPE = YES_ERROR;
				GCC_WARN_UNDECLARED_SELECTOR = YES;
				GCC_WARN_UNINITIALIZED_AUTOS = YES_AGGRESSIVE;
				GCC_WARN_UNUSED_FUNCTION = YES;
				GCC_WARN_UNUSED_VARIABLE = YES;
				IPHONEOS_DEPLOYMENT_TARGET = 9.2;
				MTL_ENABLE_DEBUG_INFO = YES;
				ONLY_ACTIVE_ARCH = YES;
				SDKROOT = iphoneos;
				SWIFT_OPTIMIZATION_LEVEL = "-Onone";
			};
			name = Debug;
		};
		4981F9451CB66A9B008B15F7 /* Release */ = {
			isa = XCBuildConfiguration;
			buildSettings = {
				ALWAYS_SEARCH_USER_PATHS = NO;
				CLANG_CXX_LANGUAGE_STANDARD = "gnu++0x";
				CLANG_CXX_LIBRARY = "libc++";
				CLANG_ENABLE_MODULES = YES;
				CLANG_ENABLE_OBJC_ARC = YES;
				CLANG_WARN_BOOL_CONVERSION = YES;
				CLANG_WARN_CONSTANT_CONVERSION = YES;
				CLANG_WARN_DIRECT_OBJC_ISA_USAGE = YES_ERROR;
				CLANG_WARN_EMPTY_BODY = YES;
				CLANG_WARN_ENUM_CONVERSION = YES;
				CLANG_WARN_INT_CONVERSION = YES;
				CLANG_WARN_OBJC_ROOT_CLASS = YES_ERROR;
				CLANG_WARN_UNREACHABLE_CODE = YES;
				CLANG_WARN__DUPLICATE_METHOD_MATCH = YES;
				"CODE_SIGN_IDENTITY[sdk=iphoneos*]" = "iPhone Developer";
				COPY_PHASE_STRIP = NO;
				DEBUG_INFORMATION_FORMAT = "dwarf-with-dsym";
				ENABLE_NS_ASSERTIONS = NO;
				ENABLE_STRICT_OBJC_MSGSEND = YES;
				GCC_C_LANGUAGE_STANDARD = gnu99;
				GCC_NO_COMMON_BLOCKS = YES;
				GCC_WARN_64_TO_32_BIT_CONVERSION = YES;
				GCC_WARN_ABOUT_RETURN_TYPE = YES_ERROR;
				GCC_WARN_UNDECLARED_SELECTOR = YES;
				GCC_WARN_UNINITIALIZED_AUTOS = YES_AGGRESSIVE;
				GCC_WARN_UNUSED_FUNCTION = YES;
				GCC_WARN_UNUSED_VARIABLE = YES;
				IPHONEOS_DEPLOYMENT_TARGET = 9.2;
				MTL_ENABLE_DEBUG_INFO = NO;
				SDKROOT = iphoneos;
				VALIDATE_PRODUCT = YES;
			};
			name = Release;
		};
		4981F9471CB66A9B008B15F7 /* Debug */ = {
			isa = XCBuildConfiguration;
			buildSettings = {
				ASSETCATALOG_COMPILER_APPICON_NAME = AppIcon;
				INFOPLIST_FILE = Mapkit/Info.plist;
				LD_RUNPATH_SEARCH_PATHS = "$(inherited) @executable_path/Frameworks";
				PRODUCT_BUNDLE_IDENTIFIER = dpu.Mapkit;
				PRODUCT_NAME = "$(TARGET_NAME)";
			};
			name = Debug;
		};
		4981F9481CB66A9B008B15F7 /* Release */ = {
			isa = XCBuildConfiguration;
			buildSettings = {
				ASSETCATALOG_COMPILER_APPICON_NAME = AppIcon;
				INFOPLIST_FILE = Mapkit/Info.plist;
				LD_RUNPATH_SEARCH_PATHS = "$(inherited) @executable_path/Frameworks";
				PRODUCT_BUNDLE_IDENTIFIER = dpu.Mapkit;
				PRODUCT_NAME = "$(TARGET_NAME)";
			};
			name = Release;
		};
		4981F94A1CB66A9B008B15F7 /* Debug */ = {
			isa = XCBuildConfiguration;
			buildSettings = {
				BUNDLE_LOADER = "$(TEST_HOST)";
				INFOPLIST_FILE = MapkitTests/Info.plist;
				LD_RUNPATH_SEARCH_PATHS = "$(inherited) @executable_path/Frameworks @loader_path/Frameworks";
				PRODUCT_BUNDLE_IDENTIFIER = dpu.MapkitTests;
				PRODUCT_NAME = "$(TARGET_NAME)";
				TEST_HOST = "$(BUILT_PRODUCTS_DIR)/Mapkit.app/Mapkit";
			};
			name = Debug;
		};
		4981F94B1CB66A9B008B15F7 /* Release */ = {
			isa = XCBuildConfiguration;
			buildSettings = {
				BUNDLE_LOADER = "$(TEST_HOST)";
				INFOPLIST_FILE = MapkitTests/Info.plist;
				LD_RUNPATH_SEARCH_PATHS = "$(inherited) @executable_path/Frameworks @loader_path/Frameworks";
				PRODUCT_BUNDLE_IDENTIFIER = dpu.MapkitTests;
				PRODUCT_NAME = "$(TARGET_NAME)";
				TEST_HOST = "$(BUILT_PRODUCTS_DIR)/Mapkit.app/Mapkit";
			};
			name = Release;
		};
		4981F94D1CB66A9B008B15F7 /* Debug */ = {
			isa = XCBuildConfiguration;
			buildSettings = {
				INFOPLIST_FILE = MapkitUITests/Info.plist;
				LD_RUNPATH_SEARCH_PATHS = "$(inherited) @executable_path/Frameworks @loader_path/Frameworks";
				PRODUCT_BUNDLE_IDENTIFIER = dpu.MapkitUITests;
				PRODUCT_NAME = "$(TARGET_NAME)";
				TEST_TARGET_NAME = Mapkit;
				USES_XCTRUNNER = YES;
			};
			name = Debug;
		};
		4981F94E1CB66A9B008B15F7 /* Release */ = {
			isa = XCBuildConfiguration;
			buildSettings = {
				INFOPLIST_FILE = MapkitUITests/Info.plist;
				LD_RUNPATH_SEARCH_PATHS = "$(inherited) @executable_path/Frameworks @loader_path/Frameworks";
				PRODUCT_BUNDLE_IDENTIFIER = dpu.MapkitUITests;
				PRODUCT_NAME = "$(TARGET_NAME)";
				TEST_TARGET_NAME = Mapkit;
				USES_XCTRUNNER = YES;
			};
			name = Release;
		};
/* End XCBuildConfiguration section */

/* Begin XCConfigurationList section */
		4981F9191CB66A9B008B15F7 /* Build configuration list for PBXProject "Mapkit" */ = {
			isa = XCConfigurationList;
			buildConfigurations = (
				4981F9441CB66A9B008B15F7 /* Debug */,
				4981F9451CB66A9B008B15F7 /* Release */,
			);
			defaultConfigurationIsVisible = 0;
			defaultConfigurationName = Release;
		};
		4981F9461CB66A9B008B15F7 /* Build configuration list for PBXNativeTarget "Mapkit" */ = {
			isa = XCConfigurationList;
			buildConfigurations = (
				4981F9471CB66A9B008B15F7 /* Debug */,
				4981F9481CB66A9B008B15F7 /* Release */,
			);
			defaultConfigurationIsVisible = 0;
		};
		4981F9491CB66A9B008B15F7 /* Build configuration list for PBXNativeTarget "MapkitTests" */ = {
			isa = XCConfigurationList;
			buildConfigurations = (
				4981F94A1CB66A9B008B15F7 /* Debug */,
				4981F94B1CB66A9B008B15F7 /* Release */,
			);
			defaultConfigurationIsVisible = 0;
		};
		4981F94C1CB66A9B008B15F7 /* Build configuration list for PBXNativeTarget "MapkitUITests" */ = {
			isa = XCConfigurationList;
			buildConfigurations = (
				4981F94D1CB66A9B008B15F7 /* Debug */,
				4981F94E1CB66A9B008B15F7 /* Release */,
			);
			defaultConfigurationIsVisible = 0;
		};
/* End XCConfigurationList section */
	};
	rootObject = 4981F9161CB66A9B008B15F7 /* Project object */;
}
